{"1.2.0",
[{<<"barrel_mcp">>,
  {git,"https://github.com/barrel-platform/barrel_mcp.git",
       {ref,"89b8527d2f019e7d7d72af6508154bce220ce2df"}},
  0},
 {<<"certifi">>,{pkg,<<"certifi">>,<<"2.16.0">>},1},
 {<<"cowboy">>,
  {git,"https://github.com/ninenines/cowboy.git",
       {ref,"24d32de931a0c985ff7939077463fc8be939f0e9"}},
  0},
 {<<"cowlib">>,
  {git,"https://github.com/ninenines/cowlib",
       {ref,"d0ab49ed797e5bb48209825428d26947d74aabd5"}},
  1},
 {<<"erllama">>,{pkg,<<"erllama">>,<<"0.7.0">>},0},
 {<<"h1">>,{pkg,<<"erlang_h1">>,<<"0.2.2">>},1},
 {<<"h2">>,{pkg,<<"h2">>,<<"0.4.0">>},1},
 {<<"hackney">>,{pkg,<<"hackney">>,<<"4.0.0">>},0},
 {<<"idna">>,{pkg,<<"idna">>,<<"7.1.0">>},1},
 {<<"instrument">>,{pkg,<<"instrument">>,<<"1.0.0">>},0},
 {<<"mimerl">>,{pkg,<<"mimerl">>,<<"1.5.0">>},1},
 {<<"parse_trans">>,{pkg,<<"parse_trans">>,<<"3.4.1">>},1},
 {<<"quic">>,{pkg,<<"quic">>,<<"1.0.0">>},1},
 {<<"ranch">>,
  {git,"https://github.com/ninenines/ranch",
       {ref,"10b51304b26062e0dbfd5e74824324e9a911e269"}},
  1},
 {<<"ssl_verify_fun">>,{pkg,<<"ssl_verify_fun">>,<<"1.1.7">>},1}]}.
[
{pkg_hash,[
 {<<"certifi">>, <<"A4EDFC1D2DA3424D478A3271133BF28E0EC5E6FD8C009AAB5A4AE980CB165CE9">>},
 {<<"erllama">>, <<"A10C7406896E9A62380C8C549222DE071737D4899F82EFD43F16E1634864F2BD">>},
 {<<"h1">>, <<"AE7624AD8C679BE10C708CEECF3BCDA4E6ADE3EE89C41B2647E910414B2307D6">>},
 {<<"h2">>, <<"289AE4833F5062337F43DBF503E39A32A7472D888EE792E8D6FE4732986A24FD">>},
 {<<"hackney">>, <<"DFC90299EDC31553898CD32567F1D46FDB477AFED9ECA694B9C879DDADFA3D62">>},
 {<<"idna">>, <<"1067A13043538129602D2F2CE6899D8713125C7D19734AA557CE2E3EA55BD4F1">>},
 {<<"instrument">>, <<"D9027BEC640DECD7CC27C34F57422DDE6106FDACCF51E2BBE0EB99ABA2165976">>},
 {<<"mimerl">>, <<"F35ACA6F23242339B3666E0AC0702379E362B469D0AEA167F6CC713547E777ED">>},
 {<<"parse_trans">>, <<"6E6AA8167CB44CC8F39441D05193BE6E6F4E7C2946CB2759F015F8C56B76E5FF">>},
 {<<"quic">>, <<"2FE86FEEDAB19A2CD4E1355553FB7F30CD7968C66D79E45E331A8CA60FDF4661">>},
 {<<"ssl_verify_fun">>, <<"354C321CF377240C7B8716899E182CE4890C5938111A1296ADD3EC74CF1715DF">>}]},
{pkg_hash_ext,[
 {<<"certifi">>, <<"8A64F6669D85E9CC0E5086FCF29A5B13DE57A13EFA23D3582874B9A19303F184">>},
 {<<"erllama">>, <<"5AF323DFA3ABFCA898A1831DCEF150548D6C03D4769A214AD4D6A5B831D900C7">>},
 {<<"h1">>, <<"C7CDBE59D2B0BB01670407EDADC7A7694847B3C948561B6298265C2D31BFE919">>},
 {<<"h2">>, <<"A7EC6A7DAE06F006DA235E80C96C957DC6F39636037ABEBBE466476BE627DA61">>},
 {<<"hackney">>, <<"56EEA3F252B8A672756986B1BEE827D75C933F9C335D3E0C54F57F48345F272C">>},
 {<<"idna">>, <<"6AE959A025BF36DF61A8CAB8508D9654891B5426A84C44D82DEAFFD6DDF8C71F">>},
 {<<"instrument">>, <<"23E705B35D92DDC13E05BC5306B9D9A7795F40501EFD078248F0CADDC725AEDB">>},
 {<<"mimerl">>, <<"DB648CE065BAE14EA84CA8B5DD123F42F49417CEF693541110BF6F9E9BE9ECC4">>},
 {<<"parse_trans">>, <<"620A406CE75DADA827B82E453C19CF06776BE266F5A67CFF34E1EF2CBB60E49A">>},
 {<<"quic">>, <<"52F59E0BBA92ECEE80A7E685F92B8F498E7ED01F6DD05A682808AFB70279AFCC">>},
 {<<"ssl_verify_fun">>, <<"FE4C190E8F37401D30167C8C405EDA19469F34577987C76DDE613E838BBC67F8">>}]}
].
